
Microsoft Visual Studio Solution File, Format Version 12.00
# Visual Studio Version 17
VisualStudioVersion = 17.8.34322.80
MinimumVisualStudioVersion = 10.0.40219.1
Project("{FAE04EC0-301F-11D3-BF4B-00C04F79EFBC}") = "ExcelToJsonWizard", "ExcelToJsonWizard\ExcelToJsonWizard.csproj", "{52F35B1C-171A-45C2-A53B-13A3658647FD}"
EndProject
Global
	GlobalSection(SolutionConfigurationPlatforms) = preSolution
		Debug|Any CPU = Debug|Any CPU
		Release|Any CPU = Release|Any CPU
	EndGlobalSection
	GlobalSection(ProjectConfigurationPlatforms) = postSolution
		{52F35B1C-171A-45C2-A53B-13A3658647FD}.Debug|Any CPU.ActiveCfg = Debug|Any CPU
		{52F35B1C-171A-45C2-A53B-13A3658647FD}.Debug|Any CPU.Build.0 = Debug|Any CPU
		{52F35B1C-171A-45C2-A53B-13A3658647FD}.Release|Any CPU.ActiveCfg = Release|Any CPU
		{52F35B1C-171A-45C2-A53B-13A3658647FD}.Release|Any CPU.Build.0 = Release|Any CPU
	EndGlobalSection
	GlobalSection(SolutionProperties) = preSolution
		HideSolutionNode = FALSE
	EndGlobalSection
	GlobalSection(ExtensibilityGlobals) = postSolution
		SolutionGuid = {EE0CB064-74F6-46B1-B300-4A556FD78B66}
	EndGlobalSection
EndGlobal
